Microsoft Visual Studio Solution File, Format Version 12.00
# Visual Studio Version 17
VisualStudioVersion = 17.5.2.0
MinimumVisualStudioVersion = 10.0.40219.1
Project("{FAE04EC0-301F-11D3-BF4B-00C04F79EFBC}") = "out", "out\out.csproj", "{9295C5A8-90FC-7AB3-FB2F-0584076B5131}"
EndProject
Global
	GlobalSection(SolutionConfigurationPlatforms) = preSolution
		Debug|Any CPU = Debug|Any CPU
		Release|Any CPU = Release|Any CPU
	EndGlobalSection
	GlobalSection(ProjectConfigurationPlatforms) = postSolution
		{9295C5A8-90FC-7AB3-FB2F-0584076B5131}.Debug|Any CPU.ActiveCfg = Debug|Any CPU
		{9295C5A8-90FC-7AB3-FB2F-0584076B5131}.Debug|Any CPU.Build.0 = Debug|Any CPU
		{9295C5A8-90FC-7AB3-FB2F-0584076B5131}.Release|Any CPU.ActiveCfg = Release|Any CPU
		{9295C5A8-90FC-7AB3-FB2F-0584076B5131}.Release|Any CPU.Build.0 = Release|Any CPU
	EndGlobalSection
	GlobalSection(SolutionProperties) = preSolution
		HideSolutionNode = FALSE
	EndGlobalSection
	GlobalSection(ExtensibilityGlobals) = postSolution
		SolutionGuid = {EFAC5393-A99A-4D06-B43C-6D6DC8A33A42}
	EndGlobalSection
EndGlobal
